// !$*UTF8*$!
{
	archiveVersion = 1;
	classes = {
	};
	objectVersion = 56;
	objects = {

/* Begin PBXBuildFile section */
		BFD0C57F29B306D7009DB478 /* QuizFirst.swift in Sources */ = {isa = PBXBuildFile; fileRef = BFD0C57E29B306D7009DB478 /* QuizFirst.swift */; };
		BFD0C58329B3259A009DB478 /* SelectAnswerView.swift in Sources */ = {isa = PBXBuildFile; fileRef = BFD0C58229B3259A009DB478 /* SelectAnswerView.swift */; };
		BFD0C58529B3288B009DB478 /* SelectAnswerViewModel.swift in Sources */ = {isa = PBXBuildFile; fileRef = BFD0C58429B3288B009DB478 /* SelectAnswerViewModel.swift */; };
		BFD0C58729B3293E009DB478 /* SelectAnswer.swift in Sources */ = {isa = PBXBuildFile; fileRef = BFD0C58629B3293E009DB478 /* SelectAnswer.swift */; };
		BFF99A8B29A950F0004BACA6 /* USG_iOS_2023_winter.swift in Sources */ = {isa = PBXBuildFile; fileRef = BFF99A8A29A950F0004BACA6 /* USG_iOS_2023_winter.swift */; };
		BFF99A8F29A950F2004BACA6 /* Assets.xcassets in Resources */ = {isa = PBXBuildFile; fileRef = BFF99A8E29A950F2004BACA6 /* Assets.xcassets */; };
		BFF99A9229A950F2004BACA6 /* Preview Assets.xcassets in Resources */ = {isa = PBXBuildFile; fileRef = BFF99A9129A950F2004BACA6 /* Preview Assets.xcassets */; };
		BFF99A9E29A95538004BACA6 /* Color+Extension.swift in Sources */ = {isa = PBXBuildFile; fileRef = BFF99A9D29A95538004BACA6 /* Color+Extension.swift */; };
		BFF99AA029A955A9004BACA6 /* Card.swift in Sources */ = {isa = PBXBuildFile; fileRef = BFF99A9F29A955A9004BACA6 /* Card.swift */; };
		BFF99AA329A955F9004BACA6 /* HomeView.swift in Sources */ = {isa = PBXBuildFile; fileRef = BFF99AA229A955F9004BACA6 /* HomeView.swift */; };
		BFF99AA529A95644004BACA6 /* HomeViewModel.swift in Sources */ = {isa = PBXBuildFile; fileRef = BFF99AA429A95644004BACA6 /* HomeViewModel.swift */; };
		BFF99AA729A9593B004BACA6 /* CardView.swift in Sources */ = {isa = PBXBuildFile; fileRef = BFF99AA629A9593B004BACA6 /* CardView.swift */; };
		BFF99AA929A95A25004BACA6 /* ProfileView.swift in Sources */ = {isa = PBXBuildFile; fileRef = BFF99AA829A95A25004BACA6 /* ProfileView.swift */; };
		BFF99AAD29A96308004BACA6 /* RewardView.swift in Sources */ = {isa = PBXBuildFile; fileRef = BFF99AAC29A96308004BACA6 /* RewardView.swift */; };
		BFF99AB329A9D091004BACA6 /* ColorPickerView.swift in Sources */ = {isa = PBXBuildFile; fileRef = BFF99AAE29A9D091004BACA6 /* ColorPickerView.swift */; };
		BFF99AB529A9D091004BACA6 /* ContentView.swift in Sources */ = {isa = PBXBuildFile; fileRef = BFF99AB029A9D091004BACA6 /* ContentView.swift */; };
		BFF99AB729A9D091004BACA6 /* Constants.swift in Sources */ = {isa = PBXBuildFile; fileRef = BFF99AB229A9D091004BACA6 /* Constants.swift */; };
		BFF99ABB29A9DE84004BACA6 /* CardNavigationViewModel.swift in Sources */ = {isa = PBXBuildFile; fileRef = BFF99ABA29A9DE84004BACA6 /* CardNavigationViewModel.swift */; };
		BFF99ABD29A9DFD6004BACA6 /* CardQuiz.swift in Sources */ = {isa = PBXBuildFile; fileRef = BFF99ABC29A9DFD6004BACA6 /* CardQuiz.swift */; };
		BFF99ABF29A9E1C3004BACA6 /* CardQuizView.swift in Sources */ = {isa = PBXBuildFile; fileRef = BFF99ABE29A9E1C3004BACA6 /* CardQuizView.swift */; };
/* End PBXBuildFile section */

/* Begin PBXFileReference section */
		BFD0C57E29B306D7009DB478 /* QuizFirst.swift */ = {isa = PBXFileReference; lastKnownFileType = sourcecode.swift; path = QuizFirst.swift; sourceTree = "<group>"; };
		BFD0C58229B3259A009DB478 /* SelectAnswerView.swift */ = {isa = PBXFileReference; lastKnownFileType = sourcecode.swift; path = SelectAnswerView.swift; sourceTree = "<group>"; };
		BFD0C58429B3288B009DB478 /* SelectAnswerViewModel.swift */ = {isa = PBXFileReference; lastKnownFileType = sourcecode.swift; path = SelectAnswerViewModel.swift; sourceTree = "<group>"; };
		BFD0C58629B3293E009DB478 /* SelectAnswer.swift */ = {isa = PBXFileReference; lastKnownFileType = sourcecode.swift; path = SelectAnswer.swift; sourceTree = "<group>"; };
		BFF99A8729A950F0004BACA6 /* USG_iOS_2023_winter.app */ = {isa = PBXFileReference; explicitFileType = wrapper.application; includeInIndex = 0; path = USG_iOS_2023_winter.app; sourceTree = BUILT_PRODUCTS_DIR; };
		BFF99A8A29A950F0004BACA6 /* USG_iOS_2023_winter.swift */ = {isa = PBXFileReference; lastKnownFileType = sourcecode.swift; path = USG_iOS_2023_winter.swift; sourceTree = "<group>"; };
		BFF99A8E29A950F2004BACA6 /* Assets.xcassets */ = {isa = PBXFileReference; lastKnownFileType = folder.assetcatalog; path = Assets.xcassets; sourceTree = "<group>"; };
		BFF99A9129A950F2004BACA6 /* Preview Assets.xcassets */ = {isa = PBXFileReference; lastKnownFileType = folder.assetcatalog; path = "Preview Assets.xcassets"; sourceTree = "<group>"; };
		BFF99A9D29A95538004BACA6 /* Color+Extension.swift */ = {isa = PBXFileReference; lastKnownFileType = sourcecode.swift; path = "Color+Extension.swift"; sourceTree = "<group>"; };
		BFF99A9F29A955A9004BACA6 /* Card.swift */ = {isa = PBXFileReference; lastKnownFileType = sourcecode.swift; path = Card.swift; sourceTree = "<group>"; };
		BFF99AA229A955F9004BACA6 /* HomeView.swift */ = {isa = PBXFileReference; lastKnownFileType = sourcecode.swift; path = HomeView.swift; sourceTree = "<group>"; };
		BFF99AA429A95644004BACA6 /* HomeViewModel.swift */ = {isa = PBXFileReference; lastKnownFileType = sourcecode.swift; path = HomeViewModel.swift; sourceTree = "<group>"; };
		BFF99AA629A9593B004BACA6 /* CardView.swift */ = {isa = PBXFileReference; lastKnownFileType = sourcecode.swift; path = CardView.swift; sourceTree = "<group>"; };
		BFF99AA829A95A25004BACA6 /* ProfileView.swift */ = {isa = PBXFileReference; lastKnownFileType = sourcecode.swift; path = ProfileView.swift; sourceTree = "<group>"; };
		BFF99AAC29A96308004BACA6 /* RewardView.swift */ = {isa = PBXFileReference; lastKnownFileType = sourcecode.swift; path = RewardView.swift; sourceTree = "<group>"; };
		BFF99AAE29A9D091004BACA6 /* ColorPickerView.swift */ = {isa = PBXFileReference; fileEncoding = 4; lastKnownFileType = sourcecode.swift; path = ColorPickerView.swift; sourceTree = "<group>"; };
		BFF99AB029A9D091004BACA6 /* ContentView.swift */ = {isa = PBXFileReference; fileEncoding = 4; lastKnownFileType = sourcecode.swift; path = ContentView.swift; sourceTree = "<group>"; };
		BFF99AB229A9D091004BACA6 /* Constants.swift */ = {isa = PBXFileReference; fileEncoding = 4; lastKnownFileType = sourcecode.swift; path = Constants.swift; sourceTree = "<group>"; };
		BFF99ABA29A9DE84004BACA6 /* CardNavigationViewModel.swift */ = {isa = PBXFileReference; lastKnownFileType = sourcecode.swift; path = CardNavigationViewModel.swift; sourceTree = "<group>"; };
		BFF99ABC29A9DFD6004BACA6 /* CardQuiz.swift */ = {isa = PBXFileReference; lastKnownFileType = sourcecode.swift; path = CardQuiz.swift; sourceTree = "<group>"; };
		BFF99ABE29A9E1C3004BACA6 /* CardQuizView.swift */ = {isa = PBXFileReference; lastKnownFileType = sourcecode.swift; path = CardQuizView.swift; sourceTree = "<group>"; };
/* End PBXFileReference section */

/* Begin PBXFrameworksBuildPhase section */
		BFF99A8429A950F0004BACA6 /* Frameworks */ = {
			isa = PBXFrameworksBuildPhase;
			buildActionMask = 2147483647;
			files = (
			);
			runOnlyForDeploymentPostprocessing = 0;
		};
/* End PBXFrameworksBuildPhase section */

/* Begin PBXGroup section */
		BFF99A7E29A950F0004BACA6 = {
			isa = PBXGroup;
			children = (
				BFF99A8929A950F0004BACA6 /* USG_iOS_2023_winter */,
				BFF99A8829A950F0004BACA6 /* Products */,
			);
			sourceTree = "<group>";
		};
		BFF99A8829A950F0004BACA6 /* Products */ = {
			isa = PBXGroup;
			children = (
				BFF99A8729A950F0004BACA6 /* USG_iOS_2023_winter.app */,
			);
			name = Products;
			sourceTree = "<group>";
		};
		BFF99A8929A950F0004BACA6 /* USG_iOS_2023_winter */ = {
			isa = PBXGroup;
			children = (
				BFF99A8A29A950F0004BACA6 /* USG_iOS_2023_winter.swift */,
				BFF99A9C29A954C6004BACA6 /* Models */,
				BFF99A9B29A954C4004BACA6 /* Views */,
				BFF99A9A29A954C1004BACA6 /* ViewModels */,
				BFF99A9929A954B7004BACA6 /* Extensions */,
				BFF99A9829A954AF004BACA6 /* Resources */,
				BFF99A9029A950F2004BACA6 /* Preview Content */,
			);
			path = USG_iOS_2023_winter;
			sourceTree = "<group>";
		};
		BFF99A9029A950F2004BACA6 /* Preview Content */ = {
			isa = PBXGroup;
			children = (
				BFF99A9129A950F2004BACA6 /* Preview Assets.xcassets */,
			);
			path = "Preview Content";
			sourceTree = "<group>";
		};
		BFF99A9829A954AF004BACA6 /* Resources */ = {
			isa = PBXGroup;
			children = (
				BFF99A8E29A950F2004BACA6 /* Assets.xcassets */,
			);
			path = Resources;
			sourceTree = "<group>";
		};
		BFF99A9929A954B7004BACA6 /* Extensions */ = {
			isa = PBXGroup;
			children = (
				BFF99A9D29A95538004BACA6 /* Color+Extension.swift */,
			);
			path = Extensions;
			sourceTree = "<group>";
		};
		BFF99A9A29A954C1004BACA6 /* ViewModels */ = {
			isa = PBXGroup;
			children = (
				BFF99AA429A95644004BACA6 /* HomeViewModel.swift */,
				BFF99ABA29A9DE84004BACA6 /* CardNavigationViewModel.swift */,
				BFD0C58429B3288B009DB478 /* SelectAnswerViewModel.swift */,
			);
			path = ViewModels;
			sourceTree = "<group>";
		};
		BFF99A9B29A954C4004BACA6 /* Views */ = {
			isa = PBXGroup;
			children = (
				BFF99AA129A955E1004BACA6 /* Home */,
			);
			path = Views;
			sourceTree = "<group>";
		};
		BFF99A9C29A954C6004BACA6 /* Models */ = {
			isa = PBXGroup;
			children = (
				BFF99A9F29A955A9004BACA6 /* Card.swift */,
				BFF99ABC29A9DFD6004BACA6 /* CardQuiz.swift */,
				BFF99AB229A9D091004BACA6 /* Constants.swift */,
				BFD0C58629B3293E009DB478 /* SelectAnswer.swift */,
			);
			path = Models;
			sourceTree = "<group>";
		};
		BFF99AA129A955E1004BACA6 /* Home */ = {
			isa = PBXGroup;
			children = (
				BFF99AA229A955F9004BACA6 /* HomeView.swift */,
				BFF99AA829A95A25004BACA6 /* ProfileView.swift */,
				BFF99AA629A9593B004BACA6 /* CardView.swift */,
				BFF99ABE29A9E1C3004BACA6 /* CardQuizView.swift */,
				BFF99AAC29A96308004BACA6 /* RewardView.swift */,
				BFF99AAE29A9D091004BACA6 /* ColorPickerView.swift */,
				BFF99AB029A9D091004BACA6 /* ContentView.swift */,
				BFD0C57E29B306D7009DB478 /* QuizFirst.swift */,
				BFD0C58229B3259A009DB478 /* SelectAnswerView.swift */,
			);
			path = Home;
			sourceTree = "<group>";
		};
/* End PBXGroup section */

/* Begin PBXNativeTarget section */
		BFF99A8629A950F0004BACA6 /* USG_iOS_2023_winter */ = {
			isa = PBXNativeTarget;
			buildConfigurationList = BFF99A9529A950F2004BACA6 /* Build configuration list for PBXNativeTarget "USG_iOS_2023_winter" */;
			buildPhases = (
				BFF99A8329A950F0004BACA6 /* Sources */,
				BFF99A8429A950F0004BACA6 /* Frameworks */,
				BFF99A8529A950F0004BACA6 /* Resources */,
			);
			buildRules = (
			);
			dependencies = (
			);
			name = USG_iOS_2023_winter;
			productName = 2023_winter_ios_usg_App;
			productReference = BFF99A8729A950F0004BACA6 /* USG_iOS_2023_winter.app */;
			productType = "com.apple.product-type.application";
		};
/* End PBXNativeTarget section */

/* Begin PBXProject section */
		BFF99A7F29A950F0004BACA6 /* Project object */ = {
			isa = PBXProject;
			attributes = {
				BuildIndependentTargetsInParallel = 1;
				LastSwiftUpdateCheck = 1420;
				LastUpgradeCheck = 1420;
				TargetAttributes = {
					BFF99A8629A950F0004BACA6 = {
						CreatedOnToolsVersion = 14.2;
					};
				};
			};
			buildConfigurationList = BFF99A8229A950F0004BACA6 /* Build configuration list for PBXProject "USG_iOS_2023_winter" */;
			compatibilityVersion = "Xcode 14.0";
			developmentRegion = en;
			hasScannedForEncodings = 0;
			knownRegions = (
				en,
				Base,
			);
			mainGroup = BFF99A7E29A950F0004BACA6;
			productRefGroup = BFF99A8829A950F0004BACA6 /* Products */;
			projectDirPath = "";
			projectRoot = "";
			targets = (
				BFF99A8629A950F0004BACA6 /* USG_iOS_2023_winter */,
			);
		};
/* End PBXProject section */

/* Begin PBXResourcesBuildPhase section */
		BFF99A8529A950F0004BACA6 /* Resources */ = {
			isa = PBXResourcesBuildPhase;
			buildActionMask = 2147483647;
			files = (
				BFF99A9229A950F2004BACA6 /* Preview Assets.xcassets in Resources */,
				BFF99A8F29A950F2004BACA6 /* Assets.xcassets in Resources */,
			);
			runOnlyForDeploymentPostprocessing = 0;
		};
/* End PBXResourcesBuildPhase section */

/* Begin PBXSourcesBuildPhase section */
		BFF99A8329A950F0004BACA6 /* Sources */ = {
			isa = PBXSourcesBuildPhase;
			buildActionMask = 2147483647;
			files = (
				BFF99ABD29A9DFD6004BACA6 /* CardQuiz.swift in Sources */,
				BFF99AA729A9593B004BACA6 /* CardView.swift in Sources */,
				BFF99AB729A9D091004BACA6 /* Constants.swift in Sources */,
				BFF99ABF29A9E1C3004BACA6 /* CardQuizView.swift in Sources */,
				BFF99AA529A95644004BACA6 /* HomeViewModel.swift in Sources */,
				BFD0C58729B3293E009DB478 /* SelectAnswer.swift in Sources */,
				BFF99AA029A955A9004BACA6 /* Card.swift in Sources */,
				BFF99AAD29A96308004BACA6 /* RewardView.swift in Sources */,
				BFF99A9E29A95538004BACA6 /* Color+Extension.swift in Sources */,
				BFD0C58529B3288B009DB478 /* SelectAnswerViewModel.swift in Sources */,
				BFF99ABB29A9DE84004BACA6 /* CardNavigationViewModel.swift in Sources */,
				BFD0C57F29B306D7009DB478 /* QuizFirst.swift in Sources */,
				BFF99AB329A9D091004BACA6 /* ColorPickerView.swift in Sources */,
				BFF99AB529A9D091004BACA6 /* ContentView.swift in Sources */,
				BFD0C58329B3259A009DB478 /* SelectAnswerView.swift in Sources */,
				BFF99AA329A955F9004BACA6 /* HomeView.swift in Sources */,
				BFF99AA929A95A25004BACA6 /* ProfileView.swift in Sources */,
				BFF99A8B29A950F0004BACA6 /* USG_iOS_2023_winter.swift in Sources */,
			);
			runOnlyForDeploymentPostprocessing = 0;
		};
/* End PBXSourcesBuildPhase section */

/* Begin XCBuildConfiguration section */
		BFF99A9329A950F2004BACA6 /* Debug */ = {
			isa = XCBuildConfiguration;
			buildSettings = {
				ALWAYS_SEARCH_USER_PATHS = NO;
				CLANG_ANALYZER_NONNULL = YES;
				CLANG_ANALYZER_NUMBER_OBJECT_CONVERSION = YES_AGGRESSIVE;
				CLANG_CXX_LANGUAGE_STANDARD = "gnu++20";
				CLANG_ENABLE_MODULES = YES;
				CLANG_ENABLE_OBJC_ARC = YES;
				CLANG_ENABLE_OBJC_WEAK = YES;
				CLANG_WARN_BLOCK_CAPTURE_AUTORELEASING = YES;
				CLANG_WARN_BOOL_CONVERSION = YES;
				CLANG_WARN_COMMA = YES;
				CLANG_WARN_CONSTANT_CONVERSION = YES;
				CLANG_WARN_DEPRECATED_OBJC_IMPLEMENTATIONS = YES;
				CLANG_WARN_DIRECT_OBJC_ISA_USAGE = YES_ERROR;
				CLANG_WARN_DOCUMENTATION_COMMENTS = YES;
				CLANG_WARN_EMPTY_BODY = YES;
				CLANG_WARN_ENUM_CONVERSION = YES;
				CLANG_WARN_INFINITE_RECURSION = YES;
				CLANG_WARN_INT_CONVERSION = YES;
				CLANG_WARN_NON_LITERAL_NULL_CONVERSION = YES;
				CLANG_WARN_OBJC_IMPLICIT_RETAIN_SELF = YES;
				CLANG_WARN_OBJC_LITERAL_CONVERSION = YES;
				CLANG_WARN_OBJC_ROOT_CLASS = YES_ERROR;
				CLANG_WARN_QUOTED_INCLUDE_IN_FRAMEWORK_HEADER = YES;
				CLANG_WARN_RANGE_LOOP_ANALYSIS = YES;
				CLANG_WARN_STRICT_PROTOTYPES = YES;
				CLANG_WARN_SUSPICIOUS_MOVE = YES;
				CLANG_WARN_UNGUARDED_AVAILABILITY = YES_AGGRESSIVE;
				CLANG_WARN_UNREACHABLE_CODE = YES;
				CLANG_WARN__DUPLICATE_METHOD_MATCH = YES;
				COPY_PHASE_STRIP = NO;
				DEBUG_INFORMATION_FORMAT = dwarf;
				ENABLE_STRICT_OBJC_MSGSEND = YES;
				ENABLE_TESTABILITY = YES;
				GCC_C_LANGUAGE_STANDARD = gnu11;
				GCC_DYNAMIC_NO_PIC = NO;
				GCC_NO_COMMON_BLOCKS = YES;
				GCC_OPTIMIZATION_LEVEL = 0;
				GCC_PREPROCESSOR_DEFINITIONS = (
					"DEBUG=1",
					"$(inherited)",
				);
				GCC_WARN_64_TO_32_BIT_CONVERSION = YES;
				GCC_WARN_ABOUT_RETURN_TYPE = YES_ERROR;
				GCC_WARN_UNDECLARED_SELECTOR = YES;
				GCC_WARN_UNINITIALIZED_AUTOS = YES_AGGRESSIVE;
				GCC_WARN_UNUSED_FUNCTION = YES;
				GCC_WARN_UNUSED_VARIABLE = YES;
				IPHONEOS_DEPLOYMENT_TARGET = 16.2;
				MTL_ENABLE_DEBUG_INFO = INCLUDE_SOURCE;
				MTL_FAST_MATH = YES;
				ONLY_ACTIVE_ARCH = YES;
				SDKROOT = iphoneos;
				SWIFT_ACTIVE_COMPILATION_CONDITIONS = DEBUG;
				SWIFT_OPTIMIZATION_LEVEL = "-Onone";
			};
			name = Debug;
		};
		BFF99A9429A950F2004BACA6 /* Release */ = {
			isa = XCBuildConfiguration;
			buildSettings = {
				ALWAYS_SEARCH_USER_PATHS = NO;
				CLANG_ANALYZER_NONNULL = YES;
				CLANG_ANALYZER_NUMBER_OBJECT_CONVERSION = YES_AGGRESSIVE;
				CLANG_CXX_LANGUAGE_STANDARD = "gnu++20";
				CLANG_ENABLE_MODULES = YES;
				CLANG_ENABLE_OBJC_ARC = YES;
				CLANG_ENABLE_OBJC_WEAK = YES;
				CLANG_WARN_BLOCK_CAPTURE_AUTORELEASING = YES;
				CLANG_WARN_BOOL_CONVERSION = YES;
				CLANG_WARN_COMMA = YES;
				CLANG_WARN_CONSTANT_CONVERSION = YES;
				CLANG_WARN_DEPRECATED_OBJC_IMPLEMENTATIONS = YES;
				CLANG_WARN_DIRECT_OBJC_ISA_USAGE = YES_ERROR;
				CLANG_WARN_DOCUMENTATION_COMMENTS = YES;
				CLANG_WARN_EMPTY_BODY = YES;
				CLANG_WARN_ENUM_CONVERSION = YES;
				CLANG_WARN_INFINITE_RECURSION = YES;
				CLANG_WARN_INT_CONVERSION = YES;
				CLANG_WARN_NON_LITERAL_NULL_CONVERSION = YES;
				CLANG_WARN_OBJC_IMPLICIT_RETAIN_SELF = YES;
				CLANG_WARN_OBJC_LITERAL_CONVERSION = YES;
				CLANG_WARN_OBJC_ROOT_CLASS = YES_ERROR;
				CLANG_WARN_QUOTED_INCLUDE_IN_FRAMEWORK_HEADER = YES;
				CLANG_WARN_RANGE_LOOP_ANALYSIS = YES;
				CLANG_WARN_STRICT_PROTOTYPES = YES;
				CLANG_WARN_SUSPICIOUS_MOVE = YES;
				CLANG_WARN_UNGUARDED_AVAILABILITY = YES_AGGRESSIVE;
				CLANG_WARN_UNREACHABLE_CODE = YES;
				CLANG_WARN__DUPLICATE_METHOD_MATCH = YES;
				COPY_PHASE_STRIP = NO;
				DEBUG_INFORMATION_FORMAT = "dwarf-with-dsym";
				ENABLE_NS_ASSERTIONS = NO;
				ENABLE_STRICT_OBJC_MSGSEND = YES;
				GCC_C_LANGUAGE_STANDARD = gnu11;
				GCC_NO_COMMON_BLOCKS = YES;
				GCC_WARN_64_TO_32_BIT_CONVERSION = YES;
				GCC_WARN_ABOUT_RETURN_TYPE = YES_ERROR;
				GCC_WARN_UNDECLARED_SELECTOR = YES;
				GCC_WARN_UNINITIALIZED_AUTOS = YES_AGGRESSIVE;
				GCC_WARN_UNUSED_FUNCTION = YES;
				GCC_WARN_UNUSED_VARIABLE = YES;
				IPHONEOS_DEPLOYMENT_TARGET = 16.2;
				MTL_ENABLE_DEBUG_INFO = NO;
				MTL_FAST_MATH = YES;
				SDKROOT = iphoneos;
				SWIFT_COMPILATION_MODE = wholemodule;
				SWIFT_OPTIMIZATION_LEVEL = "-O";
				VALIDATE_PRODUCT = YES;
			};
			name = Release;
		};
		BFF99A9629A950F2004BACA6 /* Debug */ = {
			isa = XCBuildConfiguration;
			buildSettings = {
				ASSETCATALOG_COMPILER_APPICON_NAME = AppIcon;
				ASSETCATALOG_COMPILER_GLOBAL_ACCENT_COLOR_NAME = AccentColor;
				CODE_SIGN_STYLE = Automatic;
				CURRENT_PROJECT_VERSION = 1;
				DEVELOPMENT_ASSET_PATHS = "\"USG_iOS_2023_winter/Preview Content\"";
				ENABLE_PREVIEWS = YES;
				GENERATE_INFOPLIST_FILE = YES;
				INFOPLIST_KEY_UIApplicationSceneManifest_Generation = YES;
				INFOPLIST_KEY_UIApplicationSupportsIndirectInputEvents = YES;
				INFOPLIST_KEY_UILaunchScreen_Generation = YES;
				INFOPLIST_KEY_UISupportedInterfaceOrientations_iPad = "UIInterfaceOrientationLandscapeLeft UIInterfaceOrientationLandscapeRight";
				INFOPLIST_KEY_UISupportedInterfaceOrientations_iPhone = "UIInterfaceOrientationLandscapeLeft UIInterfaceOrientationLandscapeRight";
				LD_RUNPATH_SEARCH_PATHS = (
					"$(inherited)",
					"@executable_path/Frameworks",
				);
				MARKETING_VERSION = 1.0;
				PRODUCT_BUNDLE_IDENTIFIER = "USG-iOS-2023-winter";
				PRODUCT_NAME = "$(TARGET_NAME)";
				SWIFT_EMIT_LOC_STRINGS = YES;
				SWIFT_VERSION = 5.0;
				TARGETED_DEVICE_FAMILY = "1,2";
			};
			name = Debug;
		};
		BFF99A9729A950F2004BACA6 /* Release */ = {
			isa = XCBuildConfiguration;
			buildSettings = {
				ASSETCATALOG_COMPILER_APPICON_NAME = AppIcon;
				ASSETCATALOG_COMPILER_GLOBAL_ACCENT_COLOR_NAME = AccentColor;
				CODE_SIGN_STYLE = Automatic;
				CURRENT_PROJECT_VERSION = 1;
				DEVELOPMENT_ASSET_PATHS = "\"USG_iOS_2023_winter/Preview Content\"";
				ENABLE_PREVIEWS = YES;
				GENERATE_INFOPLIST_FILE = YES;
				INFOPLIST_KEY_UIApplicationSceneManifest_Generation = YES;
				INFOPLIST_KEY_UIApplicationSupportsIndirectInputEvents = YES;
				INFOPLIST_KEY_UILaunchScreen_Generation = YES;
				INFOPLIST_KEY_UISupportedInterfaceOrientations_iPad = "UIInterfaceOrientationLandscapeLeft UIInterfaceOrientationLandscapeRight";
				INFOPLIST_KEY_UISupportedInterfaceOrientations_iPhone = "UIInterfaceOrientationLandscapeLeft UIInterfaceOrientationLandscapeRight";
				LD_RUNPATH_SEARCH_PATHS = (
					"$(inherited)",
					"@executable_path/Frameworks",
				);
				MARKETING_VERSION = 1.0;
				PRODUCT_BUNDLE_IDENTIFIER = "USG-iOS-2023-winter";
				PRODUCT_NAME = "$(TARGET_NAME)";
				SWIFT_EMIT_LOC_STRINGS = YES;
				SWIFT_VERSION = 5.0;
				TARGETED_DEVICE_FAMILY = "1,2";
			};
			name = Release;
		};
/* End XCBuildConfiguration section */

/* Begin XCConfigurationList section */
		BFF99A8229A950F0004BACA6 /* Build configuration list for PBXProject "USG_iOS_2023_winter" */ = {
			isa = XCConfigurationList;
			buildConfigurations = (
				BFF99A9329A950F2004BACA6 /* Debug */,
				BFF99A9429A950F2004BACA6 /* Release */,
			);
			defaultConfigurationIsVisible = 0;
			defaultConfigurationName = Release;
		};
		BFF99A9529A950F2004BACA6 /* Build configuration list for PBXNativeTarget "USG_iOS_2023_winter" */ = {
			isa = XCConfigurationList;
			buildConfigurations = (
				BFF99A9629A950F2004BACA6 /* Debug */,
				BFF99A9729A950F2004BACA6 /* Release */,
			);
			defaultConfigurationIsVisible = 0;
			defaultConfigurationName = Release;
		};
/* End XCConfigurationList section */
	};
	rootObject = BFF99A7F29A950F0004BACA6 /* Project object */;
}
